
Microsoft Visual Studio Solution File, Format Version 12.00
# Visual Studio 15
VisualStudioVersion = 15.0.28307.645
MinimumVisualStudioVersion = 10.0.40219.1
Project("{FAE04EC0-301F-11D3-BF4B-00C04F79EFBC}") = "NLayerApp.DAL", "NLayerApp.DAL\NLayerApp.DAL.csproj", "{AA405850-7BAB-44B3-AE18-6A52CD8B07FD}"
EndProject
Project("{FAE04EC0-301F-11D3-BF4B-00C04F79EFBC}") = "NLayerApp.BLL", "NLayerApp.BLL\NLayerApp.BLL.csproj", "{D22019A8-E673-42DD-B55F-13BBD1298C08}"
EndProject
Project("{FAE04EC0-301F-11D3-BF4B-00C04F79EFBC}") = "NLayerApp.WEB", "NLayerApp.WEB\NLayerApp.WEB.csproj", "{5F86012D-73BA-49F9-8DAF-988B81D7C082}"
EndProject
Global
	GlobalSection(SolutionConfigurationPlatforms) = preSolution
		Debug|Any CPU = Debug|Any CPU
		Release|Any CPU = Release|Any CPU
	EndGlobalSection
	GlobalSection(ProjectConfigurationPlatforms) = postSolution
		{AA405850-7BAB-44B3-AE18-6A52CD8B07FD}.Debug|Any CPU.ActiveCfg = Debug|Any CPU
		{AA405850-7BAB-44B3-AE18-6A52CD8B07FD}.Debug|Any CPU.Build.0 = Debug|Any CPU
		{AA405850-7BAB-44B3-AE18-6A52CD8B07FD}.Release|Any CPU.ActiveCfg = Release|Any CPU
		{AA405850-7BAB-44B3-AE18-6A52CD8B07FD}.Release|Any CPU.Build.0 = Release|Any CPU
		{D22019A8-E673-42DD-B55F-13BBD1298C08}.Debug|Any CPU.ActiveCfg = Debug|Any CPU
		{D22019A8-E673-42DD-B55F-13BBD1298C08}.Debug|Any CPU.Build.0 = Debug|Any CPU
		{D22019A8-E673-42DD-B55F-13BBD1298C08}.Release|Any CPU.ActiveCfg = Release|Any CPU
		{D22019A8-E673-42DD-B55F-13BBD1298C08}.Release|Any CPU.Build.0 = Release|Any CPU
		{5F86012D-73BA-49F9-8DAF-988B81D7C082}.Debug|Any CPU.ActiveCfg = Debug|Any CPU
		{5F86012D-73BA-49F9-8DAF-988B81D7C082}.Debug|Any CPU.Build.0 = Debug|Any CPU
		{5F86012D-73BA-49F9-8DAF-988B81D7C082}.Release|Any CPU.ActiveCfg = Release|Any CPU
		{5F86012D-73BA-49F9-8DAF-988B81D7C082}.Release|Any CPU.Build.0 = Release|Any CPU
	EndGlobalSection
	GlobalSection(SolutionProperties) = preSolution
		HideSolutionNode = FALSE
	EndGlobalSection
	GlobalSection(ExtensibilityGlobals) = postSolution
		SolutionGuid = {3E446F1A-B921-4A59-ADCF-6F5BBC0BAD1D}
	EndGlobalSection
EndGlobal
